
Microsoft Visual Studio Solution File, Format Version 12.00
# Visual Studio Version 16
VisualStudioVersion = 16.0.31424.327
MinimumVisualStudioVersion = 10.0.40219.1
Project("{8BC9CEB8-8B4A-11D0-8D11-00A0C91BC942}") = "Sandbox", "Sandbox\Sandbox.vcxproj", "{7DC92D29-618F-4ACD-BCE3-3414072F87D1}"
EndProject
Project("{8BC9CEB8-8B4A-11D0-8D11-00A0C91BC942}") = "myGameEngine", "myGameEngine\myGameEngine.vcxproj", "{BDA53566-94BB-4E9C-8BB5-B57B1D9313FF}"
EndProject
Global
	GlobalSection(SolutionConfigurationPlatforms) = preSolution
		Debug|x64 = Debug|x64
		Release|x64 = Release|x64
	EndGlobalSection
	GlobalSection(ProjectConfigurationPlatforms) = postSolution
		{BDA53566-94BB-4E9C-8BB5-B57B1D9313FF}.Debug|x64.ActiveCfg = Debug|x64
		{BDA53566-94BB-4E9C-8BB5-B57B1D9313FF}.Debug|x64.Build.0 = Debug|x64
		{BDA53566-94BB-4E9C-8BB5-B57B1D9313FF}.Release|x64.ActiveCfg = Release|x64
		{BDA53566-94BB-4E9C-8BB5-B57B1D9313FF}.Release|x64.Build.0 = Release|x64
		{7DC92D29-618F-4ACD-BCE3-3414072F87D1}.Debug|x64.ActiveCfg = Debug|x64
		{7DC92D29-618F-4ACD-BCE3-3414072F87D1}.Debug|x64.Build.0 = Debug|x64
		{7DC92D29-618F-4ACD-BCE3-3414072F87D1}.Release|x64.ActiveCfg = Release|x64
		{7DC92D29-618F-4ACD-BCE3-3414072F87D1}.Release|x64.Build.0 = Release|x64
	EndGlobalSection
	GlobalSection(SolutionProperties) = preSolution
		HideSolutionNode = FALSE
	EndGlobalSection
	GlobalSection(ExtensibilityGlobals) = postSolution
		SolutionGuid = {2EA0C5D4-507F-4BFF-9BF5-A23CC1504220}
	EndGlobalSection
EndGlobal
